// !$*UTF8*$!
{
	archiveVersion = 1;
	classes = {
	};
	objectVersion = 56;
	objects = {

/* Begin PBXBuildFile section */
		0C38DD812BF4B22C00B92497 /* GoogleService-Info.plist in Resources */ = {isa = PBXBuildFile; fileRef = 0C38DD802BF4B22C00B92497 /* GoogleService-Info.plist */; };
		0C38DD842BF4B2EC00B92497 /* FirebaseAuth in Frameworks */ = {isa = PBXBuildFile; productRef = 0C38DD832BF4B2EC00B92497 /* FirebaseAuth */; };
		0C38DD862BF4B2EC00B92497 /* FirebaseFirestore in Frameworks */ = {isa = PBXBuildFile; productRef = 0C38DD852BF4B2EC00B92497 /* FirebaseFirestore */; };
		0C38DD882BF4B2EC00B92497 /* FirebaseFirestoreSwift in Frameworks */ = {isa = PBXBuildFile; productRef = 0C38DD872BF4B2EC00B92497 /* FirebaseFirestoreSwift */; };
		0C38DD8A2BF4B2EC00B92497 /* FirebaseStorage in Frameworks */ = {isa = PBXBuildFile; productRef = 0C38DD892BF4B2EC00B92497 /* FirebaseStorage */; };
		0C38DD8F2BF4B4CA00B92497 /* User.swift in Sources */ = {isa = PBXBuildFile; fileRef = 0C38DD8E2BF4B4CA00B92497 /* User.swift */; };
		0C38DD912BF4B5BF00B92497 /* House.swift in Sources */ = {isa = PBXBuildFile; fileRef = 0C38DD902BF4B5BF00B92497 /* House.swift */; };
		0C38DD932BF4B6C300B92497 /* Pet.swift in Sources */ = {isa = PBXBuildFile; fileRef = 0C38DD922BF4B6C300B92497 /* Pet.swift */; };
		0C38DD952BF4B77300B92497 /* Booking.swift in Sources */ = {isa = PBXBuildFile; fileRef = 0C38DD942BF4B77300B92497 /* Booking.swift */; };
		0C38DD982BF4B8C200B92497 /* FirebaseHelper.swift in Sources */ = {isa = PBXBuildFile; fileRef = 0C38DD972BF4B8C200B92497 /* FirebaseHelper.swift */; };
		0C38DD9A2BF4BB0C00B92497 /* SignUpViewModel.swift in Sources */ = {isa = PBXBuildFile; fileRef = 0C38DD992BF4BB0C00B92497 /* SignUpViewModel.swift */; };
		0C38DD9C2BF4BB1D00B92497 /* MyHouseViewModel.swift in Sources */ = {isa = PBXBuildFile; fileRef = 0C38DD9B2BF4BB1D00B92497 /* MyHouseViewModel.swift */; };
		0C38DD9E2BF4BB3000B92497 /* PetViewModel.swift in Sources */ = {isa = PBXBuildFile; fileRef = 0C38DD9D2BF4BB3000B92497 /* PetViewModel.swift */; };
		0C38DDA02BF4BB4300B92497 /* BookingViewModel.swift in Sources */ = {isa = PBXBuildFile; fileRef = 0C38DD9F2BF4BB4300B92497 /* BookingViewModel.swift */; };
		0C38DDA22BF4BBB900B92497 /* ExploreView.swift in Sources */ = {isa = PBXBuildFile; fileRef = 0C38DDA12BF4BBB900B92497 /* ExploreView.swift */; };
		0C38DDA42BF4BBD400B92497 /* MyBookingsView.swift in Sources */ = {isa = PBXBuildFile; fileRef = 0C38DDA32BF4BBD400B92497 /* MyBookingsView.swift */; };
		0C38DDA62BF4BBDF00B92497 /* MessagesView.swift in Sources */ = {isa = PBXBuildFile; fileRef = 0C38DDA52BF4BBDF00B92497 /* MessagesView.swift */; };
		0C38DDA82BF4BBE500B92497 /* ProfileView.swift in Sources */ = {isa = PBXBuildFile; fileRef = 0C38DDA72BF4BBE500B92497 /* ProfileView.swift */; };
		0C38DDAA2BF4BD0D00B92497 /* MyHouseView.swift in Sources */ = {isa = PBXBuildFile; fileRef = 0C38DDA92BF4BD0D00B92497 /* MyHouseView.swift */; };
		0C38DDAC2BF4BE6B00B92497 /* AppColors.swift in Sources */ = {isa = PBXBuildFile; fileRef = 0C38DDAB2BF4BE6B00B92497 /* AppColors.swift */; };
		0C38DDAE2BF4D3CB00B92497 /* SignUpView.swift in Sources */ = {isa = PBXBuildFile; fileRef = 0C38DDAD2BF4D3CB00B92497 /* SignUpView.swift */; };
		0CC9B8D92BFDF2BA00F0D7C8 /* DateManager.swift in Sources */ = {isa = PBXBuildFile; fileRef = 0CC9B8D82BFDF2BA00F0D7C8 /* DateManager.swift */; };
		0CC9B8DB2BFF27FC00F0D7C8 /* TimePeriodView.swift in Sources */ = {isa = PBXBuildFile; fileRef = 0CC9B8DA2BFF27FC00F0D7C8 /* TimePeriodView.swift */; };
		0CC9B8DD2BFF281400F0D7C8 /* TimePeriodViewModel.swift in Sources */ = {isa = PBXBuildFile; fileRef = 0CC9B8DC2BFF281300F0D7C8 /* TimePeriodViewModel.swift */; };
		0CCFC7742BF73A9000520151 /* ProfileViewModel.swift in Sources */ = {isa = PBXBuildFile; fileRef = 0CCFC7732BF73A9000520151 /* ProfileViewModel.swift */; };
		6D12FC9A2BFB6560005D765C /* PetsView.swift in Sources */ = {isa = PBXBuildFile; fileRef = 6D12FC992BFB6560005D765C /* PetsView.swift */; };
		6D12FC9E2BFB7120005D765C /* CreatePetView.swift in Sources */ = {isa = PBXBuildFile; fileRef = 6D12FC9D2BFB7120005D765C /* CreatePetView.swift */; };
		6D12FCA02BFB7341005D765C /* PetsViewModel.swift in Sources */ = {isa = PBXBuildFile; fileRef = 6D12FC9F2BFB7341005D765C /* PetsViewModel.swift */; };
		6D523BF02BF380E60007CCE5 /* Pet_BnBApp.swift in Sources */ = {isa = PBXBuildFile; fileRef = 6D523BEF2BF380E60007CCE5 /* Pet_BnBApp.swift */; };
		6D523BF22BF380E60007CCE5 /* ContentView.swift in Sources */ = {isa = PBXBuildFile; fileRef = 6D523BF12BF380E60007CCE5 /* ContentView.swift */; };
		6D523BF42BF380E80007CCE5 /* Assets.xcassets in Resources */ = {isa = PBXBuildFile; fileRef = 6D523BF32BF380E80007CCE5 /* Assets.xcassets */; };
		6D523BF72BF380E80007CCE5 /* Preview Assets.xcassets in Resources */ = {isa = PBXBuildFile; fileRef = 6D523BF62BF380E80007CCE5 /* Preview Assets.xcassets */; };
		6D523BFE2BF4D4260007CCE5 /* CreateHouseView.swift in Sources */ = {isa = PBXBuildFile; fileRef = 6D523BFD2BF4D4260007CCE5 /* CreateHouseView.swift */; };
		6D523C012BF4DFB30007CCE5 /* FilledButtonLabel.swift in Sources */ = {isa = PBXBuildFile; fileRef = 6D523C002BF4DFB30007CCE5 /* FilledButtonLabel.swift */; };
		6D523C032BF4EB200007CCE5 /* CreateHouseViewModel.swift in Sources */ = {isa = PBXBuildFile; fileRef = 6D523C022BF4EB200007CCE5 /* CreateHouseViewModel.swift */; };
		6DAE37592BF91459007E9092 /* AsyncImageView.swift in Sources */ = {isa = PBXBuildFile; fileRef = 6DAE37582BF91459007E9092 /* AsyncImageView.swift */; };
		FB00D0E52BF7512800C9DB59 /* HouseDetailViewModel.swift in Sources */ = {isa = PBXBuildFile; fileRef = FB00D0E42BF7512800C9DB59 /* HouseDetailViewModel.swift */; };
		FB00D0E72BF7545100C9DB59 /* HouseCardView.swift in Sources */ = {isa = PBXBuildFile; fileRef = FB00D0E62BF7545100C9DB59 /* HouseCardView.swift */; };
		FB5E03E32BF74B6000CB4085 /* HouseDetailView.swift in Sources */ = {isa = PBXBuildFile; fileRef = FB5E03E22BF74B6000CB4085 /* HouseDetailView.swift */; };
		FBD691AD2BFE8380006A5026 /* FilterView.swift in Sources */ = {isa = PBXBuildFile; fileRef = FBD691AC2BFE8380006A5026 /* FilterView.swift */; };
/* End PBXBuildFile section */

/* Begin PBXFileReference section */
		0C38DD802BF4B22C00B92497 /* GoogleService-Info.plist */ = {isa = PBXFileReference; fileEncoding = 4; lastKnownFileType = text.plist.xml; path = "GoogleService-Info.plist"; sourceTree = "<group>"; };
		0C38DD8E2BF4B4CA00B92497 /* User.swift */ = {isa = PBXFileReference; lastKnownFileType = sourcecode.swift; path = User.swift; sourceTree = "<group>"; };
		0C38DD902BF4B5BF00B92497 /* House.swift */ = {isa = PBXFileReference; lastKnownFileType = sourcecode.swift; path = House.swift; sourceTree = "<group>"; };
		0C38DD922BF4B6C300B92497 /* Pet.swift */ = {isa = PBXFileReference; lastKnownFileType = sourcecode.swift; path = Pet.swift; sourceTree = "<group>"; };
		0C38DD942BF4B77300B92497 /* Booking.swift */ = {isa = PBXFileReference; lastKnownFileType = sourcecode.swift; path = Booking.swift; sourceTree = "<group>"; };
		0C38DD972BF4B8C200B92497 /* FirebaseHelper.swift */ = {isa = PBXFileReference; lastKnownFileType = sourcecode.swift; path = FirebaseHelper.swift; sourceTree = "<group>"; };
		0C38DD992BF4BB0C00B92497 /* SignUpViewModel.swift */ = {isa = PBXFileReference; lastKnownFileType = sourcecode.swift; path = SignUpViewModel.swift; sourceTree = "<group>"; };
		0C38DD9B2BF4BB1D00B92497 /* MyHouseViewModel.swift */ = {isa = PBXFileReference; lastKnownFileType = sourcecode.swift; path = MyHouseViewModel.swift; sourceTree = "<group>"; };
		0C38DD9D2BF4BB3000B92497 /* PetViewModel.swift */ = {isa = PBXFileReference; lastKnownFileType = sourcecode.swift; path = PetViewModel.swift; sourceTree = "<group>"; };
		0C38DD9F2BF4BB4300B92497 /* BookingViewModel.swift */ = {isa = PBXFileReference; lastKnownFileType = sourcecode.swift; path = BookingViewModel.swift; sourceTree = "<group>"; };
		0C38DDA12BF4BBB900B92497 /* ExploreView.swift */ = {isa = PBXFileReference; lastKnownFileType = sourcecode.swift; path = ExploreView.swift; sourceTree = "<group>"; };
		0C38DDA32BF4BBD400B92497 /* MyBookingsView.swift */ = {isa = PBXFileReference; lastKnownFileType = sourcecode.swift; path = MyBookingsView.swift; sourceTree = "<group>"; };
		0C38DDA52BF4BBDF00B92497 /* MessagesView.swift */ = {isa = PBXFileReference; lastKnownFileType = sourcecode.swift; path = MessagesView.swift; sourceTree = "<group>"; };
		0C38DDA72BF4BBE500B92497 /* ProfileView.swift */ = {isa = PBXFileReference; lastKnownFileType = sourcecode.swift; path = ProfileView.swift; sourceTree = "<group>"; };
		0C38DDA92BF4BD0D00B92497 /* MyHouseView.swift */ = {isa = PBXFileReference; lastKnownFileType = sourcecode.swift; path = MyHouseView.swift; sourceTree = "<group>"; };
		0C38DDAB2BF4BE6B00B92497 /* AppColors.swift */ = {isa = PBXFileReference; lastKnownFileType = sourcecode.swift; path = AppColors.swift; sourceTree = "<group>"; };
		0C38DDAD2BF4D3CB00B92497 /* SignUpView.swift */ = {isa = PBXFileReference; lastKnownFileType = sourcecode.swift; path = SignUpView.swift; sourceTree = "<group>"; };
		0CC9B8D82BFDF2BA00F0D7C8 /* DateManager.swift */ = {isa = PBXFileReference; lastKnownFileType = sourcecode.swift; path = DateManager.swift; sourceTree = "<group>"; };
		0CC9B8DA2BFF27FC00F0D7C8 /* TimePeriodView.swift */ = {isa = PBXFileReference; lastKnownFileType = sourcecode.swift; path = TimePeriodView.swift; sourceTree = "<group>"; };
		0CC9B8DC2BFF281300F0D7C8 /* TimePeriodViewModel.swift */ = {isa = PBXFileReference; lastKnownFileType = sourcecode.swift; path = TimePeriodViewModel.swift; sourceTree = "<group>"; };
		0CCFC7732BF73A9000520151 /* ProfileViewModel.swift */ = {isa = PBXFileReference; lastKnownFileType = sourcecode.swift; path = ProfileViewModel.swift; sourceTree = "<group>"; };
		6D12FC992BFB6560005D765C /* PetsView.swift */ = {isa = PBXFileReference; lastKnownFileType = sourcecode.swift; path = PetsView.swift; sourceTree = "<group>"; };
		6D12FC9D2BFB7120005D765C /* CreatePetView.swift */ = {isa = PBXFileReference; lastKnownFileType = sourcecode.swift; path = CreatePetView.swift; sourceTree = "<group>"; };
		6D12FC9F2BFB7341005D765C /* PetsViewModel.swift */ = {isa = PBXFileReference; lastKnownFileType = sourcecode.swift; path = PetsViewModel.swift; sourceTree = "<group>"; };
		6D523BEC2BF380E60007CCE5 /* Pet_BnB.app */ = {isa = PBXFileReference; explicitFileType = wrapper.application; includeInIndex = 0; path = Pet_BnB.app; sourceTree = BUILT_PRODUCTS_DIR; };
		6D523BEF2BF380E60007CCE5 /* Pet_BnBApp.swift */ = {isa = PBXFileReference; lastKnownFileType = sourcecode.swift; path = Pet_BnBApp.swift; sourceTree = "<group>"; };
		6D523BF12BF380E60007CCE5 /* ContentView.swift */ = {isa = PBXFileReference; lastKnownFileType = sourcecode.swift; path = ContentView.swift; sourceTree = "<group>"; };
		6D523BF32BF380E80007CCE5 /* Assets.xcassets */ = {isa = PBXFileReference; lastKnownFileType = folder.assetcatalog; path = Assets.xcassets; sourceTree = "<group>"; };
		6D523BF62BF380E80007CCE5 /* Preview Assets.xcassets */ = {isa = PBXFileReference; lastKnownFileType = folder.assetcatalog; path = "Preview Assets.xcassets"; sourceTree = "<group>"; };
		6D523BFD2BF4D4260007CCE5 /* CreateHouseView.swift */ = {isa = PBXFileReference; lastKnownFileType = sourcecode.swift; path = CreateHouseView.swift; sourceTree = "<group>"; };
		6D523C002BF4DFB30007CCE5 /* FilledButtonLabel.swift */ = {isa = PBXFileReference; lastKnownFileType = sourcecode.swift; path = FilledButtonLabel.swift; sourceTree = "<group>"; };
		6D523C022BF4EB200007CCE5 /* CreateHouseViewModel.swift */ = {isa = PBXFileReference; lastKnownFileType = sourcecode.swift; path = CreateHouseViewModel.swift; sourceTree = "<group>"; };
		6DAE37582BF91459007E9092 /* AsyncImageView.swift */ = {isa = PBXFileReference; lastKnownFileType = sourcecode.swift; path = AsyncImageView.swift; sourceTree = "<group>"; };
		FB00D0E42BF7512800C9DB59 /* HouseDetailViewModel.swift */ = {isa = PBXFileReference; lastKnownFileType = sourcecode.swift; path = HouseDetailViewModel.swift; sourceTree = "<group>"; };
		FB00D0E62BF7545100C9DB59 /* HouseCardView.swift */ = {isa = PBXFileReference; lastKnownFileType = sourcecode.swift; path = HouseCardView.swift; sourceTree = "<group>"; };
		FB5E03E22BF74B6000CB4085 /* HouseDetailView.swift */ = {isa = PBXFileReference; lastKnownFileType = sourcecode.swift; path = HouseDetailView.swift; sourceTree = "<group>"; };
		FBD691AC2BFE8380006A5026 /* FilterView.swift */ = {isa = PBXFileReference; lastKnownFileType = sourcecode.swift; path = FilterView.swift; sourceTree = "<group>"; };
/* End PBXFileReference section */

/* Begin PBXFrameworksBuildPhase section */
		6D523BE92BF380E60007CCE5 /* Frameworks */ = {
			isa = PBXFrameworksBuildPhase;
			buildActionMask = 2147483647;
			files = (
				0C38DD842BF4B2EC00B92497 /* FirebaseAuth in Frameworks */,
				0C38DD8A2BF4B2EC00B92497 /* FirebaseStorage in Frameworks */,
				0C38DD862BF4B2EC00B92497 /* FirebaseFirestore in Frameworks */,
				0C38DD882BF4B2EC00B92497 /* FirebaseFirestoreSwift in Frameworks */,
			);
			runOnlyForDeploymentPostprocessing = 0;
		};
/* End PBXFrameworksBuildPhase section */

/* Begin PBXGroup section */
		0C38DD8B2BF4B48A00B92497 /* Models */ = {
			isa = PBXGroup;
			children = (
				0C38DD8E2BF4B4CA00B92497 /* User.swift */,
				0C38DD902BF4B5BF00B92497 /* House.swift */,
				0C38DD922BF4B6C300B92497 /* Pet.swift */,
				0C38DD942BF4B77300B92497 /* Booking.swift */,
			);
			path = Models;
			sourceTree = "<group>";
		};
		0C38DD8C2BF4B49400B92497 /* Views */ = {
			isa = PBXGroup;
			children = (
				6D523BF12BF380E60007CCE5 /* ContentView.swift */,
				0C38DDA92BF4BD0D00B92497 /* MyHouseView.swift */,
				0C38DDA52BF4BBDF00B92497 /* MessagesView.swift */,
				0C38DDA72BF4BBE500B92497 /* ProfileView.swift */,
				0C38DDA12BF4BBB900B92497 /* ExploreView.swift */,
				0C38DDA32BF4BBD400B92497 /* MyBookingsView.swift */,
				0C38DDAD2BF4D3CB00B92497 /* SignUpView.swift */,
				6D523BFD2BF4D4260007CCE5 /* CreateHouseView.swift */,
				FB5E03E22BF74B6000CB4085 /* HouseDetailView.swift */,
				FB00D0E62BF7545100C9DB59 /* HouseCardView.swift */,
				6D12FC992BFB6560005D765C /* PetsView.swift */,
				6D12FC9D2BFB7120005D765C /* CreatePetView.swift */,
				FBD691AC2BFE8380006A5026 /* FilterView.swift */,
				0CC9B8DA2BFF27FC00F0D7C8 /* TimePeriodView.swift */,
			);
			path = Views;
			sourceTree = "<group>";
		};
		0C38DD8D2BF4B49D00B92497 /* ViewModels */ = {
			isa = PBXGroup;
			children = (
				0C38DD992BF4BB0C00B92497 /* SignUpViewModel.swift */,
				0C38DD9B2BF4BB1D00B92497 /* MyHouseViewModel.swift */,
				0CC9B8DC2BFF281300F0D7C8 /* TimePeriodViewModel.swift */,
				0CCFC7732BF73A9000520151 /* ProfileViewModel.swift */,
				0C38DD9D2BF4BB3000B92497 /* PetViewModel.swift */,
				0C38DD9F2BF4BB4300B92497 /* BookingViewModel.swift */,
				6D523C022BF4EB200007CCE5 /* CreateHouseViewModel.swift */,
				FB00D0E42BF7512800C9DB59 /* HouseDetailViewModel.swift */,
				6D12FC9F2BFB7341005D765C /* PetsViewModel.swift */,
			);
			path = ViewModels;
			sourceTree = "<group>";
		};
		0C38DD962BF4B8B100B92497 /* Helpers */ = {
			isa = PBXGroup;
			children = (
				0C38DD972BF4B8C200B92497 /* FirebaseHelper.swift */,
				0CC9B8D82BFDF2BA00F0D7C8 /* DateManager.swift */,
				0C38DDAB2BF4BE6B00B92497 /* AppColors.swift */,
			);
			path = Helpers;
			sourceTree = "<group>";
		};
		6D523BE32BF380E60007CCE5 = {
			isa = PBXGroup;
			children = (
				6D523BEE2BF380E60007CCE5 /* Pet_BnB */,
				6D523BED2BF380E60007CCE5 /* Products */,
			);
			sourceTree = "<group>";
		};
		6D523BED2BF380E60007CCE5 /* Products */ = {
			isa = PBXGroup;
			children = (
				6D523BEC2BF380E60007CCE5 /* Pet_BnB.app */,
			);
			name = Products;
			sourceTree = "<group>";
		};
		6D523BEE2BF380E60007CCE5 /* Pet_BnB */ = {
			isa = PBXGroup;
			children = (
				6D523BFF2BF4DFA30007CCE5 /* Components */,
				0C38DD802BF4B22C00B92497 /* GoogleService-Info.plist */,
				6D523BEF2BF380E60007CCE5 /* Pet_BnBApp.swift */,
				0C38DD962BF4B8B100B92497 /* Helpers */,
				0C38DD8D2BF4B49D00B92497 /* ViewModels */,
				0C38DD8C2BF4B49400B92497 /* Views */,
				0C38DD8B2BF4B48A00B92497 /* Models */,
				6D523BF32BF380E80007CCE5 /* Assets.xcassets */,
				6D523BF52BF380E80007CCE5 /* Preview Content */,
			);
			path = Pet_BnB;
			sourceTree = "<group>";
		};
		6D523BF52BF380E80007CCE5 /* Preview Content */ = {
			isa = PBXGroup;
			children = (
				6D523BF62BF380E80007CCE5 /* Preview Assets.xcassets */,
			);
			path = "Preview Content";
			sourceTree = "<group>";
		};
		6D523BFF2BF4DFA30007CCE5 /* Components */ = {
			isa = PBXGroup;
			children = (
				6D523C002BF4DFB30007CCE5 /* FilledButtonLabel.swift */,
				6DAE37582BF91459007E9092 /* AsyncImageView.swift */,
			);
			path = Components;
			sourceTree = "<group>";
		};
/* End PBXGroup section */

/* Begin PBXNativeTarget section */
		6D523BEB2BF380E60007CCE5 /* Pet_BnB */ = {
			isa = PBXNativeTarget;
			buildConfigurationList = 6D523BFA2BF380E80007CCE5 /* Build configuration list for PBXNativeTarget "Pet_BnB" */;
			buildPhases = (
				6D523BE82BF380E60007CCE5 /* Sources */,
				6D523BE92BF380E60007CCE5 /* Frameworks */,
				6D523BEA2BF380E60007CCE5 /* Resources */,
			);
			buildRules = (
			);
			dependencies = (
			);
			name = Pet_BnB;
			packageProductDependencies = (
				0C38DD832BF4B2EC00B92497 /* FirebaseAuth */,
				0C38DD852BF4B2EC00B92497 /* FirebaseFirestore */,
				0C38DD872BF4B2EC00B92497 /* FirebaseFirestoreSwift */,
				0C38DD892BF4B2EC00B92497 /* FirebaseStorage */,
			);
			productName = Pet_BnB;
			productReference = 6D523BEC2BF380E60007CCE5 /* Pet_BnB.app */;
			productType = "com.apple.product-type.application";
		};
/* End PBXNativeTarget section */

/* Begin PBXProject section */
		6D523BE42BF380E60007CCE5 /* Project object */ = {
			isa = PBXProject;
			attributes = {
				BuildIndependentTargetsInParallel = 1;
				LastSwiftUpdateCheck = 1530;
				LastUpgradeCheck = 1530;
				TargetAttributes = {
					6D523BEB2BF380E60007CCE5 = {
						CreatedOnToolsVersion = 15.3;
					};
				};
			};
			buildConfigurationList = 6D523BE72BF380E60007CCE5 /* Build configuration list for PBXProject "Pet_BnB" */;
			compatibilityVersion = "Xcode 14.0";
			developmentRegion = en;
			hasScannedForEncodings = 0;
			knownRegions = (
				en,
				Base,
			);
			mainGroup = 6D523BE32BF380E60007CCE5;
			packageReferences = (
				0C38DD822BF4B2EC00B92497 /* XCRemoteSwiftPackageReference "firebase-ios-sdk" */,
			);
			productRefGroup = 6D523BED2BF380E60007CCE5 /* Products */;
			projectDirPath = "";
			projectRoot = "";
			targets = (
				6D523BEB2BF380E60007CCE5 /* Pet_BnB */,
			);
		};
/* End PBXProject section */

/* Begin PBXResourcesBuildPhase section */
		6D523BEA2BF380E60007CCE5 /* Resources */ = {
			isa = PBXResourcesBuildPhase;
			buildActionMask = 2147483647;
			files = (
				6D523BF72BF380E80007CCE5 /* Preview Assets.xcassets in Resources */,
				0C38DD812BF4B22C00B92497 /* GoogleService-Info.plist in Resources */,
				6D523BF42BF380E80007CCE5 /* Assets.xcassets in Resources */,
			);
			runOnlyForDeploymentPostprocessing = 0;
		};
/* End PBXResourcesBuildPhase section */

/* Begin PBXSourcesBuildPhase section */
		6D523BE82BF380E60007CCE5 /* Sources */ = {
			isa = PBXSourcesBuildPhase;
			buildActionMask = 2147483647;
			files = (
				6DAE37592BF91459007E9092 /* AsyncImageView.swift in Sources */,
				0C38DD9C2BF4BB1D00B92497 /* MyHouseViewModel.swift in Sources */,
				0C38DDAA2BF4BD0D00B92497 /* MyHouseView.swift in Sources */,
				FB5E03E32BF74B6000CB4085 /* HouseDetailView.swift in Sources */,
				FB00D0E52BF7512800C9DB59 /* HouseDetailViewModel.swift in Sources */,
				0C38DD982BF4B8C200B92497 /* FirebaseHelper.swift in Sources */,
				0C38DD9A2BF4BB0C00B92497 /* SignUpViewModel.swift in Sources */,
				0C38DD932BF4B6C300B92497 /* Pet.swift in Sources */,
				6D523C032BF4EB200007CCE5 /* CreateHouseViewModel.swift in Sources */,
				6D523BFE2BF4D4260007CCE5 /* CreateHouseView.swift in Sources */,
				0C38DDA62BF4BBDF00B92497 /* MessagesView.swift in Sources */,
				0C38DD952BF4B77300B92497 /* Booking.swift in Sources */,
				6D523BF22BF380E60007CCE5 /* ContentView.swift in Sources */,
				6D523C012BF4DFB30007CCE5 /* FilledButtonLabel.swift in Sources */,
				0C38DDA82BF4BBE500B92497 /* ProfileView.swift in Sources */,
				0C38DDA42BF4BBD400B92497 /* MyBookingsView.swift in Sources */,
				FB00D0E72BF7545100C9DB59 /* HouseCardView.swift in Sources */,
				0C38DD9E2BF4BB3000B92497 /* PetViewModel.swift in Sources */,
				6D523BF02BF380E60007CCE5 /* Pet_BnBApp.swift in Sources */,
				0C38DD912BF4B5BF00B92497 /* House.swift in Sources */,
				0C38DDAC2BF4BE6B00B92497 /* AppColors.swift in Sources */,
				0CC9B8D92BFDF2BA00F0D7C8 /* DateManager.swift in Sources */,
				0C38DD8F2BF4B4CA00B92497 /* User.swift in Sources */,
				6D12FC9A2BFB6560005D765C /* PetsView.swift in Sources */,
				6D12FCA02BFB7341005D765C /* PetsViewModel.swift in Sources */,
				0CCFC7742BF73A9000520151 /* ProfileViewModel.swift in Sources */,
				0C38DDA22BF4BBB900B92497 /* ExploreView.swift in Sources */,
				0CC9B8DB2BFF27FC00F0D7C8 /* TimePeriodView.swift in Sources */,
				6D12FC9E2BFB7120005D765C /* CreatePetView.swift in Sources */,
				0C38DDAE2BF4D3CB00B92497 /* SignUpView.swift in Sources */,
				FBD691AD2BFE8380006A5026 /* FilterView.swift in Sources */,
				0CC9B8DD2BFF281400F0D7C8 /* TimePeriodViewModel.swift in Sources */,
				0C38DDA02BF4BB4300B92497 /* BookingViewModel.swift in Sources */,
			);
			runOnlyForDeploymentPostprocessing = 0;
		};
/* End PBXSourcesBuildPhase section */

/* Begin XCBuildConfiguration section */
		6D523BF82BF380E80007CCE5 /* Debug */ = {
			isa = XCBuildConfiguration;
			buildSettings = {
				ALWAYS_SEARCH_USER_PATHS = NO;
				ASSETCATALOG_COMPILER_GENERATE_SWIFT_ASSET_SYMBOL_EXTENSIONS = YES;
				CLANG_ANALYZER_NONNULL = YES;
				CLANG_ANALYZER_NUMBER_OBJECT_CONVERSION = YES_AGGRESSIVE;
				CLANG_CXX_LANGUAGE_STANDARD = "gnu++20";
				CLANG_ENABLE_MODULES = YES;
				CLANG_ENABLE_OBJC_ARC = YES;
				CLANG_ENABLE_OBJC_WEAK = YES;
				CLANG_WARN_BLOCK_CAPTURE_AUTORELEASING = YES;
				CLANG_WARN_BOOL_CONVERSION = YES;
				CLANG_WARN_COMMA = YES;
				CLANG_WARN_CONSTANT_CONVERSION = YES;
				CLANG_WARN_DEPRECATED_OBJC_IMPLEMENTATIONS = YES;
				CLANG_WARN_DIRECT_OBJC_ISA_USAGE = YES_ERROR;
				CLANG_WARN_DOCUMENTATION_COMMENTS = YES;
				CLANG_WARN_EMPTY_BODY = YES;
				CLANG_WARN_ENUM_CONVERSION = YES;
				CLANG_WARN_INFINITE_RECURSION = YES;
				CLANG_WARN_INT_CONVERSION = YES;
				CLANG_WARN_NON_LITERAL_NULL_CONVERSION = YES;
				CLANG_WARN_OBJC_IMPLICIT_RETAIN_SELF = YES;
				CLANG_WARN_OBJC_LITERAL_CONVERSION = YES;
				CLANG_WARN_OBJC_ROOT_CLASS = YES_ERROR;
				CLANG_WARN_QUOTED_INCLUDE_IN_FRAMEWORK_HEADER = YES;
				CLANG_WARN_RANGE_LOOP_ANALYSIS = YES;
				CLANG_WARN_STRICT_PROTOTYPES = YES;
				CLANG_WARN_SUSPICIOUS_MOVE = YES;
				CLANG_WARN_UNGUARDED_AVAILABILITY = YES_AGGRESSIVE;
				CLANG_WARN_UNREACHABLE_CODE = YES;
				CLANG_WARN__DUPLICATE_METHOD_MATCH = YES;
				COPY_PHASE_STRIP = NO;
				DEBUG_INFORMATION_FORMAT = dwarf;
				ENABLE_STRICT_OBJC_MSGSEND = YES;
				ENABLE_TESTABILITY = YES;
				ENABLE_USER_SCRIPT_SANDBOXING = YES;
				GCC_C_LANGUAGE_STANDARD = gnu17;
				GCC_DYNAMIC_NO_PIC = NO;
				GCC_NO_COMMON_BLOCKS = YES;
				GCC_OPTIMIZATION_LEVEL = 0;
				GCC_PREPROCESSOR_DEFINITIONS = (
					"DEBUG=1",
					"$(inherited)",
				);
				GCC_WARN_64_TO_32_BIT_CONVERSION = YES;
				GCC_WARN_ABOUT_RETURN_TYPE = YES_ERROR;
				GCC_WARN_UNDECLARED_SELECTOR = YES;
				GCC_WARN_UNINITIALIZED_AUTOS = YES_AGGRESSIVE;
				GCC_WARN_UNUSED_FUNCTION = YES;
				GCC_WARN_UNUSED_VARIABLE = YES;
				IPHONEOS_DEPLOYMENT_TARGET = 17.4;
				LOCALIZATION_PREFERS_STRING_CATALOGS = YES;
				MTL_ENABLE_DEBUG_INFO = INCLUDE_SOURCE;
				MTL_FAST_MATH = YES;
				ONLY_ACTIVE_ARCH = YES;
				SDKROOT = iphoneos;
				SWIFT_ACTIVE_COMPILATION_CONDITIONS = "DEBUG $(inherited)";
				SWIFT_OPTIMIZATION_LEVEL = "-Onone";
			};
			name = Debug;
		};
		6D523BF92BF380E80007CCE5 /* Release */ = {
			isa = XCBuildConfiguration;
			buildSettings = {
				ALWAYS_SEARCH_USER_PATHS = NO;
				ASSETCATALOG_COMPILER_GENERATE_SWIFT_ASSET_SYMBOL_EXTENSIONS = YES;
				CLANG_ANALYZER_NONNULL = YES;
				CLANG_ANALYZER_NUMBER_OBJECT_CONVERSION = YES_AGGRESSIVE;
				CLANG_CXX_LANGUAGE_STANDARD = "gnu++20";
				CLANG_ENABLE_MODULES = YES;
				CLANG_ENABLE_OBJC_ARC = YES;
				CLANG_ENABLE_OBJC_WEAK = YES;
				CLANG_WARN_BLOCK_CAPTURE_AUTORELEASING = YES;
				CLANG_WARN_BOOL_CONVERSION = YES;
				CLANG_WARN_COMMA = YES;
				CLANG_WARN_CONSTANT_CONVERSION = YES;
				CLANG_WARN_DEPRECATED_OBJC_IMPLEMENTATIONS = YES;
				CLANG_WARN_DIRECT_OBJC_ISA_USAGE = YES_ERROR;
				CLANG_WARN_DOCUMENTATION_COMMENTS = YES;
				CLANG_WARN_EMPTY_BODY = YES;
				CLANG_WARN_ENUM_CONVERSION = YES;
				CLANG_WARN_INFINITE_RECURSION = YES;
				CLANG_WARN_INT_CONVERSION = YES;
				CLANG_WARN_NON_LITERAL_NULL_CONVERSION = YES;
				CLANG_WARN_OBJC_IMPLICIT_RETAIN_SELF = YES;
				CLANG_WARN_OBJC_LITERAL_CONVERSION = YES;
				CLANG_WARN_OBJC_ROOT_CLASS = YES_ERROR;
				CLANG_WARN_QUOTED_INCLUDE_IN_FRAMEWORK_HEADER = YES;
				CLANG_WARN_RANGE_LOOP_ANALYSIS = YES;
				CLANG_WARN_STRICT_PROTOTYPES = YES;
				CLANG_WARN_SUSPICIOUS_MOVE = YES;
				CLANG_WARN_UNGUARDED_AVAILABILITY = YES_AGGRESSIVE;
				CLANG_WARN_UNREACHABLE_CODE = YES;
				CLANG_WARN__DUPLICATE_METHOD_MATCH = YES;
				COPY_PHASE_STRIP = NO;
				DEBUG_INFORMATION_FORMAT = "dwarf-with-dsym";
				ENABLE_NS_ASSERTIONS = NO;
				ENABLE_STRICT_OBJC_MSGSEND = YES;
				ENABLE_USER_SCRIPT_SANDBOXING = YES;
				GCC_C_LANGUAGE_STANDARD = gnu17;
				GCC_NO_COMMON_BLOCKS = YES;
				GCC_WARN_64_TO_32_BIT_CONVERSION = YES;
				GCC_WARN_ABOUT_RETURN_TYPE = YES_ERROR;
				GCC_WARN_UNDECLARED_SELECTOR = YES;
				GCC_WARN_UNINITIALIZED_AUTOS = YES_AGGRESSIVE;
				GCC_WARN_UNUSED_FUNCTION = YES;
				GCC_WARN_UNUSED_VARIABLE = YES;
				IPHONEOS_DEPLOYMENT_TARGET = 17.4;
				LOCALIZATION_PREFERS_STRING_CATALOGS = YES;
				MTL_ENABLE_DEBUG_INFO = NO;
				MTL_FAST_MATH = YES;
				SDKROOT = iphoneos;
				SWIFT_COMPILATION_MODE = wholemodule;
				VALIDATE_PRODUCT = YES;
			};
			name = Release;
		};
		6D523BFB2BF380E80007CCE5 /* Debug */ = {
			isa = XCBuildConfiguration;
			buildSettings = {
				ASSETCATALOG_COMPILER_APPICON_NAME = AppIcon;
				ASSETCATALOG_COMPILER_GLOBAL_ACCENT_COLOR_NAME = AccentColor;
				CODE_SIGN_STYLE = Automatic;
				CURRENT_PROJECT_VERSION = 1;
				DEVELOPMENT_ASSET_PATHS = "\"Pet_BnB/Preview Content\"";
				DEVELOPMENT_TEAM = 83U7D225Z5;
				ENABLE_PREVIEWS = YES;
				GENERATE_INFOPLIST_FILE = YES;
				INFOPLIST_KEY_UIApplicationSceneManifest_Generation = YES;
				INFOPLIST_KEY_UIApplicationSupportsIndirectInputEvents = YES;
				INFOPLIST_KEY_UILaunchScreen_Generation = YES;
				INFOPLIST_KEY_UISupportedInterfaceOrientations_iPad = "UIInterfaceOrientationPortrait UIInterfaceOrientationPortraitUpsideDown UIInterfaceOrientationLandscapeLeft UIInterfaceOrientationLandscapeRight";
				INFOPLIST_KEY_UISupportedInterfaceOrientations_iPhone = "UIInterfaceOrientationPortrait UIInterfaceOrientationLandscapeLeft UIInterfaceOrientationLandscapeRight";
				IPHONEOS_DEPLOYMENT_TARGET = 17.0;
				LD_RUNPATH_SEARCH_PATHS = (
					"$(inherited)",
					"@executable_path/Frameworks",
				);
				MARKETING_VERSION = 1.0;
				PRODUCT_BUNDLE_IDENTIFIER = "me.thun.kristian.Pet-BnB";
				PRODUCT_NAME = "$(TARGET_NAME)";
				SWIFT_EMIT_LOC_STRINGS = YES;
				SWIFT_VERSION = 5.0;
				TARGETED_DEVICE_FAMILY = "1,2";
			};
			name = Debug;
		};
		6D523BFC2BF380E80007CCE5 /* Release */ = {
			isa = XCBuildConfiguration;
			buildSettings = {
				ASSETCATALOG_COMPILER_APPICON_NAME = AppIcon;
				ASSETCATALOG_COMPILER_GLOBAL_ACCENT_COLOR_NAME = AccentColor;
				CODE_SIGN_STYLE = Automatic;
				CURRENT_PROJECT_VERSION = 1;
				DEVELOPMENT_ASSET_PATHS = "\"Pet_BnB/Preview Content\"";
				DEVELOPMENT_TEAM = 83U7D225Z5;
				ENABLE_PREVIEWS = YES;
				GENERATE_INFOPLIST_FILE = YES;
				INFOPLIST_KEY_UIApplicationSceneManifest_Generation = YES;
				INFOPLIST_KEY_UIApplicationSupportsIndirectInputEvents = YES;
				INFOPLIST_KEY_UILaunchScreen_Generation = YES;
				INFOPLIST_KEY_UISupportedInterfaceOrientations_iPad = "UIInterfaceOrientationPortrait UIInterfaceOrientationPortraitUpsideDown UIInterfaceOrientationLandscapeLeft UIInterfaceOrientationLandscapeRight";
				INFOPLIST_KEY_UISupportedInterfaceOrientations_iPhone = "UIInterfaceOrientationPortrait UIInterfaceOrientationLandscapeLeft UIInterfaceOrientationLandscapeRight";
				IPHONEOS_DEPLOYMENT_TARGET = 17.0;
				LD_RUNPATH_SEARCH_PATHS = (
					"$(inherited)",
					"@executable_path/Frameworks",
				);
				MARKETING_VERSION = 1.0;
				PRODUCT_BUNDLE_IDENTIFIER = "me.thun.kristian.Pet-BnB";
				PRODUCT_NAME = "$(TARGET_NAME)";
				SWIFT_EMIT_LOC_STRINGS = YES;
				SWIFT_VERSION = 5.0;
				TARGETED_DEVICE_FAMILY = "1,2";
			};
			name = Release;
		};
/* End XCBuildConfiguration section */

/* Begin XCConfigurationList section */
		6D523BE72BF380E60007CCE5 /* Build configuration list for PBXProject "Pet_BnB" */ = {
			isa = XCConfigurationList;
			buildConfigurations = (
				6D523BF82BF380E80007CCE5 /* Debug */,
				6D523BF92BF380E80007CCE5 /* Release */,
			);
			defaultConfigurationIsVisible = 0;
			defaultConfigurationName = Release;
		};
		6D523BFA2BF380E80007CCE5 /* Build configuration list for PBXNativeTarget "Pet_BnB" */ = {
			isa = XCConfigurationList;
			buildConfigurations = (
				6D523BFB2BF380E80007CCE5 /* Debug */,
				6D523BFC2BF380E80007CCE5 /* Release */,
			);
			defaultConfigurationIsVisible = 0;
			defaultConfigurationName = Release;
		};
/* End XCConfigurationList section */

/* Begin XCRemoteSwiftPackageReference section */
		0C38DD822BF4B2EC00B92497 /* XCRemoteSwiftPackageReference "firebase-ios-sdk" */ = {
			isa = XCRemoteSwiftPackageReference;
			repositoryURL = "https://github.com/firebase/firebase-ios-sdk";
			requirement = {
				kind = upToNextMajorVersion;
				minimumVersion = 10.26.0;
			};
		};
/* End XCRemoteSwiftPackageReference section */

/* Begin XCSwiftPackageProductDependency section */
		0C38DD832BF4B2EC00B92497 /* FirebaseAuth */ = {
			isa = XCSwiftPackageProductDependency;
			package = 0C38DD822BF4B2EC00B92497 /* XCRemoteSwiftPackageReference "firebase-ios-sdk" */;
			productName = FirebaseAuth;
		};
		0C38DD852BF4B2EC00B92497 /* FirebaseFirestore */ = {
			isa = XCSwiftPackageProductDependency;
			package = 0C38DD822BF4B2EC00B92497 /* XCRemoteSwiftPackageReference "firebase-ios-sdk" */;
			productName = FirebaseFirestore;
		};
		0C38DD872BF4B2EC00B92497 /* FirebaseFirestoreSwift */ = {
			isa = XCSwiftPackageProductDependency;
			package = 0C38DD822BF4B2EC00B92497 /* XCRemoteSwiftPackageReference "firebase-ios-sdk" */;
			productName = FirebaseFirestoreSwift;
		};
		0C38DD892BF4B2EC00B92497 /* FirebaseStorage */ = {
			isa = XCSwiftPackageProductDependency;
			package = 0C38DD822BF4B2EC00B92497 /* XCRemoteSwiftPackageReference "firebase-ios-sdk" */;
			productName = FirebaseStorage;
		};
/* End XCSwiftPackageProductDependency section */
	};
	rootObject = 6D523BE42BF380E60007CCE5 /* Project object */;
}
